[root]
name = "storage"
version = "0.1.0"
dependencies = [
 "leveldb 0.8.3 (registry+https://github.com/rust-lang/crates.io-index)",
]

[[package]]
name = "db-key"
version = "0.0.5"
source = "registry+https://github.com/rust-lang/crates.io-index"

[[package]]
name = "leveldb"
version = "0.8.3"
source = "registry+https://github.com/rust-lang/crates.io-index"
dependencies = [
 "db-key 0.0.5 (registry+https://github.com/rust-lang/crates.io-index)",
 "leveldb-sys 2.0.1 (registry+https://github.com/rust-lang/crates.io-index)",
 "libc 0.2.29 (registry+https://github.com/rust-lang/crates.io-index)",
]

[[package]]
name = "leveldb-sys"
version = "2.0.1"
source = "registry+https://github.com/rust-lang/crates.io-index"
dependencies = [
 "libc 0.2.29 (registry+https://github.com/rust-lang/crates.io-index)",
]

[[package]]
name = "libc"
version = "0.2.29"
source = "registry+https://github.com/rust-lang/crates.io-index"

[metadata]
"checksum db-key 0.0.5 (registry+https://github.com/rust-lang/crates.io-index)" = "b72465f46d518f6015d9cf07f7f3013a95dd6b9c2747c3d65ae0cce43929d14f"
"checksum leveldb 0.8.3 (registry+https://github.com/rust-lang/crates.io-index)" = "9a8daea72c723e01c4a2f84090bb7bd11457e3d5c1997280b89f0699252d8228"
"checksum leveldb-sys 2.0.1 (registry+https://github.com/rust-lang/crates.io-index)" = "4a4e97b4e1ee52602c3af5f47c1959e9f349217a41f1510fe4a8ac02ce3dc818"
"checksum libc 0.2.29 (registry+https://github.com/rust-lang/crates.io-index)" = "8a014d9226c2cc402676fbe9ea2e15dd5222cd1dd57f576b5b283178c944a264"
